
Microsoft Visual Studio Solution File, Format Version 12.00
# Visual Studio Version 16
VisualStudioVersion = 16.0.31424.327
MinimumVisualStudioVersion = 10.0.40219.1
Project("{FAE04EC0-301F-11D3-BF4B-00C04F79EFBC}") = "SignalR.WhiteBoardHub", "SignalR.WhiteBoardHub.csproj", "{DA2F413D-25FC-4176-BCE3-5E0A7B39C6BF}"
EndProject
Global
	GlobalSection(SolutionConfigurationPlatforms) = preSolution
		Debug|Any CPU = Debug|Any CPU
		Release|Any CPU = Release|Any CPU
	EndGlobalSection
	GlobalSection(ProjectConfigurationPlatforms) = postSolution
		{DA2F413D-25FC-4176-BCE3-5E0A7B39C6BF}.Debug|Any CPU.ActiveCfg = Debug|Any CPU
		{DA2F413D-25FC-4176-BCE3-5E0A7B39C6BF}.Debug|Any CPU.Build.0 = Debug|Any CPU
		{DA2F413D-25FC-4176-BCE3-5E0A7B39C6BF}.Release|Any CPU.ActiveCfg = Release|Any CPU
		{DA2F413D-25FC-4176-BCE3-5E0A7B39C6BF}.Release|Any CPU.Build.0 = Release|Any CPU
	EndGlobalSection
	GlobalSection(SolutionProperties) = preSolution
		HideSolutionNode = FALSE
	EndGlobalSection
	GlobalSection(ExtensibilityGlobals) = postSolution
		SolutionGuid = {2E729A41-859B-477E-9468-EEEF101D42CA}
	EndGlobalSection
EndGlobal
